<?xml version="1.0" encoding="utf-8"?>
<Project ToolsVersion="4.0" xmlns="http://schemas.microsoft.com/developer/msbuild/2003">
  <ItemGroup>
    <Filter Include="win32">
      <UniqueIdentifier>{84a8ebd7-7cf0-47f6-b75e-d441df67da40}</UniqueIdentifier>
    </Filter>
    <Filter Include="Classes">
      <UniqueIdentifier>{bb6c862e-70e9-49d9-81b7-3829a6f50471}</UniqueIdentifier>
    </Filter>
    <Filter Include="Classes\model">
      <UniqueIdentifier>{382b2322-4d22-4e52-a594-0b9dc758d917}</UniqueIdentifier>
    </Filter>
    <Filter Include="Classes\view">
      <UniqueIdentifier>{7b6e07d4-c32b-427b-ae9c-d2f5b6b64b4b}</UniqueIdentifier>
    </Filter>
  </ItemGroup>
  <ItemGroup>
    <ClCompile Include="main.cpp">
      <Filter>win32</Filter>
    </ClCompile>
    <ClCompile Include="..\Classes\AppDelegate.cpp">
      <Filter>Classes</Filter>
    </ClCompile>
    <ClCompile Include="..\Classes\Level.cpp">
      <Filter>Classes\model</Filter>
    </ClCompile>
    <ClCompile Include="..\Classes\MainScene.cpp">
      <Filter>Classes</Filter>
    </ClCompile>
    <ClCompile Include="..\Classes\TileView.cpp">
      <Filter>Classes\view</Filter>
    </ClCompile>
    <ClCompile Include="..\Classes\Common.cpp">
      <Filter>Classes</Filter>
    </ClCompile>
    <ClCompile Include="..\Classes\TargetView.cpp">
      <Filter>Classes\view</Filter>
    </ClCompile>
    <ClCompile Include="..\Classes\StopWatchView.cpp">
      <Filter>Classes\view</Filter>
    </ClCompile>
    <ClCompile Include="..\Classes\HUDView.cpp">
      <Filter>Classes\view</Filter>
    </ClCompile>
    <ClCompile Include="..\Classes\Data.cpp">
      <Filter>Classes\model</Filter>
    </ClCompile>
    <ClCompile Include="..\Classes\CounterPointView.cpp">
      <Filter>Classes\view</Filter>
    </ClCompile>
    <ClCompile Include="..\Classes\ExplosionView.cpp">
      <Filter>Classes\view</Filter>
    </ClCompile>
    <ClCompile Include="..\Classes\FlowerView.cpp">
      <Filter>Classes\view</Filter>
    </ClCompile>
  </ItemGroup>
  <ItemGroup>
    <ClInclude Include="main.h">
      <Filter>win32</Filter>
    </ClInclude>
    <ClInclude Include="..\Classes\AppDelegate.h">
      <Filter>Classes</Filter>
    </ClInclude>
    <ClInclude Include="resource.h" />
    <ClInclude Include="..\Classes\Level.h">
      <Filter>Classes\model</Filter>
    </ClInclude>
    <ClInclude Include="..\Classes\MainScene.h">
      <Filter>Classes</Filter>
    </ClInclude>
    <ClInclude Include="..\Classes\TileView.h">
      <Filter>Classes\view</Filter>
    </ClInclude>
    <ClInclude Include="..\Classes\Common.h">
      <Filter>Classes</Filter>
    </ClInclude>
    <ClInclude Include="..\Classes\TargetView.h">
      <Filter>Classes\view</Filter>
    </ClInclude>
    <ClInclude Include="..\Classes\TileDropDelegate.h">
      <Filter>Classes</Filter>
    </ClInclude>
    <ClInclude Include="..\Classes\StopWatchView.h">
      <Filter>Classes\view</Filter>
    </ClInclude>
    <ClInclude Include="..\Classes\HUDView.h">
      <Filter>Classes\view</Filter>
    </ClInclude>
    <ClInclude Include="..\Classes\Data.h">
      <Filter>Classes\model</Filter>
    </ClInclude>
    <ClInclude Include="..\Classes\CounterPointView.h">
      <Filter>Classes\view</Filter>
    </ClInclude>
    <ClInclude Include="..\Classes\ExplosionView.h">
      <Filter>Classes\view</Filter>
    </ClInclude>
    <ClInclude Include="..\Classes\FlowerView.h">
      <Filter>Classes\view</Filter>
    </ClInclude>
  </ItemGroup>
  <ItemGroup>
    <ResourceCompile Include="AnagramPuzzle.rc" />
  </ItemGroup>
</Project>